
Microsoft Visual Studio Solution File, Format Version 11.00
# Visual Studio 2010
Project("{FAE04EC0-301F-11D3-BF4B-00C04F79EFBC}") = "TeleControl", "TeleControl\TeleControl.csproj", "{8DD1E460-A51E-433C-9058-EA5906D526DC}"
EndProject
Project("{FAE04EC0-301F-11D3-BF4B-00C04F79EFBC}") = "TeleServer", "TeleServer\TeleServer.csproj", "{3103F37C-BDE5-4EE2-8205-5625482C2005}"
EndProject
Project("{FAE04EC0-301F-11D3-BF4B-00C04F79EFBC}") = "ScreenHelp", "ScreenHelp\ScreenHelp.csproj", "{010F67D9-9FCF-4867-856A-F8B9DFA3FFB2}"
EndProject
Project("{FAE04EC0-301F-11D3-BF4B-00C04F79EFBC}") = "SocketHelp", "SocketHelp\SocketHelp.csproj", "{BF00F798-A1F6-4C2F-B01C-8CB053E7E70A}"
EndProject
Project("{FAE04EC0-301F-11D3-BF4B-00C04F79EFBC}") = "udpTest1", "udpTest1\udpTest1.csproj", "{025013E0-09C3-4A54-94F3-D02695234F5C}"
EndProject
Project("{FAE04EC0-301F-11D3-BF4B-00C04F79EFBC}") = "UdpTest2", "UdpTest2\UdpTest2.csproj", "{3A858D0D-D68B-4152-AD9E-E65C45B28757}"
EndProject
Project("{FAE04EC0-301F-11D3-BF4B-00C04F79EFBC}") = "TeleController", "TeleController\TeleController.csproj", "{0509E92A-4637-475D-9C98-BC223AA78293}"
EndProject
Global
	GlobalSection(SolutionConfigurationPlatforms) = preSolution
		Debug|Any CPU = Debug|Any CPU
		Debug|Mixed Platforms = Debug|Mixed Platforms
		Debug|x86 = Debug|x86
		Release|Any CPU = Release|Any CPU
		Release|Mixed Platforms = Release|Mixed Platforms
		Release|x86 = Release|x86
	EndGlobalSection
	GlobalSection(ProjectConfigurationPlatforms) = postSolution
		{8DD1E460-A51E-433C-9058-EA5906D526DC}.Debug|Any CPU.ActiveCfg = Debug|x86
		{8DD1E460-A51E-433C-9058-EA5906D526DC}.Debug|Mixed Platforms.ActiveCfg = Debug|x86
		{8DD1E460-A51E-433C-9058-EA5906D526DC}.Debug|Mixed Platforms.Build.0 = Debug|x86
		{8DD1E460-A51E-433C-9058-EA5906D526DC}.Debug|x86.ActiveCfg = Debug|x86
		{8DD1E460-A51E-433C-9058-EA5906D526DC}.Debug|x86.Build.0 = Debug|x86
		{8DD1E460-A51E-433C-9058-EA5906D526DC}.Release|Any CPU.ActiveCfg = Release|x86
		{8DD1E460-A51E-433C-9058-EA5906D526DC}.Release|Mixed Platforms.ActiveCfg = Release|x86
		{8DD1E460-A51E-433C-9058-EA5906D526DC}.Release|Mixed Platforms.Build.0 = Release|x86
		{8DD1E460-A51E-433C-9058-EA5906D526DC}.Release|x86.ActiveCfg = Release|x86
		{8DD1E460-A51E-433C-9058-EA5906D526DC}.Release|x86.Build.0 = Release|x86
		{3103F37C-BDE5-4EE2-8205-5625482C2005}.Debug|Any CPU.ActiveCfg = Debug|x86
		{3103F37C-BDE5-4EE2-8205-5625482C2005}.Debug|Mixed Platforms.ActiveCfg = Debug|x86
		{3103F37C-BDE5-4EE2-8205-5625482C2005}.Debug|Mixed Platforms.Build.0 = Debug|x86
		{3103F37C-BDE5-4EE2-8205-5625482C2005}.Debug|x86.ActiveCfg = Debug|x86
		{3103F37C-BDE5-4EE2-8205-5625482C2005}.Debug|x86.Build.0 = Debug|x86
		{3103F37C-BDE5-4EE2-8205-5625482C2005}.Release|Any CPU.ActiveCfg = Release|x86
		{3103F37C-BDE5-4EE2-8205-5625482C2005}.Release|Mixed Platforms.ActiveCfg = Release|x86
		{3103F37C-BDE5-4EE2-8205-5625482C2005}.Release|Mixed Platforms.Build.0 = Release|x86
		{3103F37C-BDE5-4EE2-8205-5625482C2005}.Release|x86.ActiveCfg = Release|x86
		{3103F37C-BDE5-4EE2-8205-5625482C2005}.Release|x86.Build.0 = Release|x86
		{010F67D9-9FCF-4867-856A-F8B9DFA3FFB2}.Debug|Any CPU.ActiveCfg = Debug|Any CPU
		{010F67D9-9FCF-4867-856A-F8B9DFA3FFB2}.Debug|Any CPU.Build.0 = Debug|Any CPU
		{010F67D9-9FCF-4867-856A-F8B9DFA3FFB2}.Debug|Mixed Platforms.ActiveCfg = Debug|Any CPU
		{010F67D9-9FCF-4867-856A-F8B9DFA3FFB2}.Debug|Mixed Platforms.Build.0 = Debug|Any CPU
		{010F67D9-9FCF-4867-856A-F8B9DFA3FFB2}.Debug|x86.ActiveCfg = Debug|Any CPU
		{010F67D9-9FCF-4867-856A-F8B9DFA3FFB2}.Release|Any CPU.ActiveCfg = Release|Any CPU
		{010F67D9-9FCF-4867-856A-F8B9DFA3FFB2}.Release|Any CPU.Build.0 = Release|Any CPU
		{010F67D9-9FCF-4867-856A-F8B9DFA3FFB2}.Release|Mixed Platforms.ActiveCfg = Release|Any CPU
		{010F67D9-9FCF-4867-856A-F8B9DFA3FFB2}.Release|Mixed Platforms.Build.0 = Release|Any CPU
		{010F67D9-9FCF-4867-856A-F8B9DFA3FFB2}.Release|x86.ActiveCfg = Release|Any CPU
		{BF00F798-A1F6-4C2F-B01C-8CB053E7E70A}.Debug|Any CPU.ActiveCfg = Debug|Any CPU
		{BF00F798-A1F6-4C2F-B01C-8CB053E7E70A}.Debug|Any CPU.Build.0 = Debug|Any CPU
		{BF00F798-A1F6-4C2F-B01C-8CB053E7E70A}.Debug|Mixed Platforms.ActiveCfg = Debug|Any CPU
		{BF00F798-A1F6-4C2F-B01C-8CB053E7E70A}.Debug|Mixed Platforms.Build.0 = Debug|Any CPU
		{BF00F798-A1F6-4C2F-B01C-8CB053E7E70A}.Debug|x86.ActiveCfg = Debug|Any CPU
		{BF00F798-A1F6-4C2F-B01C-8CB053E7E70A}.Release|Any CPU.ActiveCfg = Release|Any CPU
		{BF00F798-A1F6-4C2F-B01C-8CB053E7E70A}.Release|Any CPU.Build.0 = Release|Any CPU
		{BF00F798-A1F6-4C2F-B01C-8CB053E7E70A}.Release|Mixed Platforms.ActiveCfg = Release|Any CPU
		{BF00F798-A1F6-4C2F-B01C-8CB053E7E70A}.Release|Mixed Platforms.Build.0 = Release|Any CPU
		{BF00F798-A1F6-4C2F-B01C-8CB053E7E70A}.Release|x86.ActiveCfg = Release|Any CPU
		{025013E0-09C3-4A54-94F3-D02695234F5C}.Debug|Any CPU.ActiveCfg = Debug|x86
		{025013E0-09C3-4A54-94F3-D02695234F5C}.Debug|Mixed Platforms.ActiveCfg = Debug|x86
		{025013E0-09C3-4A54-94F3-D02695234F5C}.Debug|Mixed Platforms.Build.0 = Debug|x86
		{025013E0-09C3-4A54-94F3-D02695234F5C}.Debug|x86.ActiveCfg = Debug|x86
		{025013E0-09C3-4A54-94F3-D02695234F5C}.Debug|x86.Build.0 = Debug|x86
		{025013E0-09C3-4A54-94F3-D02695234F5C}.Release|Any CPU.ActiveCfg = Release|x86
		{025013E0-09C3-4A54-94F3-D02695234F5C}.Release|Mixed Platforms.ActiveCfg = Release|x86
		{025013E0-09C3-4A54-94F3-D02695234F5C}.Release|Mixed Platforms.Build.0 = Release|x86
		{025013E0-09C3-4A54-94F3-D02695234F5C}.Release|x86.ActiveCfg = Release|x86
		{025013E0-09C3-4A54-94F3-D02695234F5C}.Release|x86.Build.0 = Release|x86
		{3A858D0D-D68B-4152-AD9E-E65C45B28757}.Debug|Any CPU.ActiveCfg = Debug|x86
		{3A858D0D-D68B-4152-AD9E-E65C45B28757}.Debug|Mixed Platforms.ActiveCfg = Debug|x86
		{3A858D0D-D68B-4152-AD9E-E65C45B28757}.Debug|Mixed Platforms.Build.0 = Debug|x86
		{3A858D0D-D68B-4152-AD9E-E65C45B28757}.Debug|x86.ActiveCfg = Debug|x86
		{3A858D0D-D68B-4152-AD9E-E65C45B28757}.Debug|x86.Build.0 = Debug|x86
		{3A858D0D-D68B-4152-AD9E-E65C45B28757}.Release|Any CPU.ActiveCfg = Release|x86
		{3A858D0D-D68B-4152-AD9E-E65C45B28757}.Release|Mixed Platforms.ActiveCfg = Release|x86
		{3A858D0D-D68B-4152-AD9E-E65C45B28757}.Release|Mixed Platforms.Build.0 = Release|x86
		{3A858D0D-D68B-4152-AD9E-E65C45B28757}.Release|x86.ActiveCfg = Release|x86
		{3A858D0D-D68B-4152-AD9E-E65C45B28757}.Release|x86.Build.0 = Release|x86
		{0509E92A-4637-475D-9C98-BC223AA78293}.Debug|Any CPU.ActiveCfg = Debug|Any CPU
		{0509E92A-4637-475D-9C98-BC223AA78293}.Debug|Any CPU.Build.0 = Debug|Any CPU
		{0509E92A-4637-475D-9C98-BC223AA78293}.Debug|Mixed Platforms.ActiveCfg = Debug|Any CPU
		{0509E92A-4637-475D-9C98-BC223AA78293}.Debug|Mixed Platforms.Build.0 = Debug|Any CPU
		{0509E92A-4637-475D-9C98-BC223AA78293}.Debug|x86.ActiveCfg = Debug|Any CPU
		{0509E92A-4637-475D-9C98-BC223AA78293}.Release|Any CPU.ActiveCfg = Release|Any CPU
		{0509E92A-4637-475D-9C98-BC223AA78293}.Release|Any CPU.Build.0 = Release|Any CPU
		{0509E92A-4637-475D-9C98-BC223AA78293}.Release|Mixed Platforms.ActiveCfg = Release|Any CPU
		{0509E92A-4637-475D-9C98-BC223AA78293}.Release|Mixed Platforms.Build.0 = Release|Any CPU
		{0509E92A-4637-475D-9C98-BC223AA78293}.Release|x86.ActiveCfg = Release|Any CPU
	EndGlobalSection
	GlobalSection(SolutionProperties) = preSolution
		HideSolutionNode = FALSE
	EndGlobalSection
EndGlobal
